version = 1
requires-python = ">=3.10"

[[package]]
name = "black"
version = "24.10.0"
source = { registry = "https://pypi.org/simple" }
dependencies = [
    { name = "click" },
    { name = "mypy-extensions" },
    { name = "packaging" },
    { name = "pathspec" },
    { name = "platformdirs" },
    { name = "tomli", marker = "python_full_version < '3.11'" },
    { name = "typing-extensions", marker = "python_full_version < '3.11'" },
]
sdist = { url = "https://files.pythonhosted.org/packages/d8/0d/cc2fb42b8c50d80143221515dd7e4766995bd07c56c9a3ed30baf080b6dc/black-24.10.0.tar.gz", hash = "sha256:846ea64c97afe3bc677b761787993be4991810ecc7a4a937816dd6bddedc4875", size = 645813 }
wheels = [
    { url = "https://files.pythonhosted.org/packages/a3/f3/465c0eb5cddf7dbbfe1fecd9b875d1dcf51b88923cd2c1d7e9ab95c6336b/black-24.10.0-cp310-cp310-macosx_10_9_x86_64.whl", hash = "sha256:e6668650ea4b685440857138e5fe40cde4d652633b1bdffc62933d0db4ed9812", size = 1623211 },
    { url = "https://files.pythonhosted.org/packages/df/57/b6d2da7d200773fdfcc224ffb87052cf283cec4d7102fab450b4a05996d8/black-24.10.0-cp310-cp310-macosx_11_0_arm64.whl", hash = "sha256:1c536fcf674217e87b8cc3657b81809d3c085d7bf3ef262ead700da345bfa6ea", size = 1457139 },
    { url = "https://files.pythonhosted.org/packages/6e/c5/9023b7673904a5188f9be81f5e129fff69f51f5515655fbd1d5a4e80a47b/black-24.10.0-cp310-cp310-manylinux_2_17_x86_64.manylinux2014_x86_64.manylinux_2_28_x86_64.whl", hash = "sha256:649fff99a20bd06c6f727d2a27f401331dc0cc861fb69cde910fe95b01b5928f", size = 1753774 },
    { url = "https://files.pythonhosted.org/packages/e1/32/df7f18bd0e724e0d9748829765455d6643ec847b3f87e77456fc99d0edab/black-24.10.0-cp310-cp310-win_amd64.whl", hash = "sha256:fe4d6476887de70546212c99ac9bd803d90b42fc4767f058a0baa895013fbb3e", size = 1414209 },
    { url = "https://files.pythonhosted.org/packages/c2/cc/7496bb63a9b06a954d3d0ac9fe7a73f3bf1cd92d7a58877c27f4ad1e9d41/black-24.10.0-cp311-cp311-macosx_10_9_x86_64.whl", hash = "sha256:5a2221696a8224e335c28816a9d331a6c2ae15a2ee34ec857dcf3e45dbfa99ad", size = 1607468 },
    { url = "https://files.pythonhosted.org/packages/2b/e3/69a738fb5ba18b5422f50b4f143544c664d7da40f09c13969b2fd52900e0/black-24.10.0-cp311-cp311-macosx_11_0_arm64.whl", hash = "sha256:f9da3333530dbcecc1be13e69c250ed8dfa67f43c4005fb537bb426e19200d50", size = 1437270 },
    { url = "https://files.pythonhosted.org/packages/c9/9b/2db8045b45844665c720dcfe292fdaf2e49825810c0103e1191515fc101a/black-24.10.0-cp311-cp311-manylinux_2_17_x86_64.manylinux2014_x86_64.manylinux_2_28_x86_64.whl", hash = "sha256:4007b1393d902b48b36958a216c20c4482f601569d19ed1df294a496eb366392", size = 1737061 },
    { url = "https://files.pythonhosted.org/packages/a3/95/17d4a09a5be5f8c65aa4a361444d95edc45def0de887810f508d3f65db7a/black-24.10.0-cp311-cp311-win_amd64.whl", hash = "sha256:394d4ddc64782e51153eadcaaca95144ac4c35e27ef9b0a42e121ae7e57a9175", size = 1423293 },
    { url = "https://files.pythonhosted.org/packages/90/04/bf74c71f592bcd761610bbf67e23e6a3cff824780761f536512437f1e655/black-24.10.0-cp312-cp312-macosx_10_13_x86_64.whl", hash = "sha256:b5e39e0fae001df40f95bd8cc36b9165c5e2ea88900167bddf258bacef9bbdc3", size = 1644256 },
    { url = "https://files.pythonhosted.org/packages/4c/ea/a77bab4cf1887f4b2e0bce5516ea0b3ff7d04ba96af21d65024629afedb6/black-24.10.0-cp312-cp312-macosx_11_0_arm64.whl", hash = "sha256:d37d422772111794b26757c5b55a3eade028aa3fde43121ab7b673d050949d65", size = 1448534 },
    { url = "https://files.pythonhosted.org/packages/4e/3e/443ef8bc1fbda78e61f79157f303893f3fddf19ca3c8989b163eb3469a12/black-24.10.0-cp312-cp312-manylinux_2_17_x86_64.manylinux2014_x86_64.manylinux_2_28_x86_64.whl", hash = "sha256:14b3502784f09ce2443830e3133dacf2c0110d45191ed470ecb04d0f5f6fcb0f", size = 1761892 },
    { url = "https://files.pythonhosted.org/packages/52/93/eac95ff229049a6901bc84fec6908a5124b8a0b7c26ea766b3b8a5debd22/black-24.10.0-cp312-cp312-win_amd64.whl", hash = "sha256:30d2c30dc5139211dda799758559d1b049f7f14c580c409d6ad925b74a4208a8", size = 1434796 },
    { url = "https://files.pythonhosted.org/packages/d0/a0/a993f58d4ecfba035e61fca4e9f64a2ecae838fc9f33ab798c62173ed75c/black-24.10.0-cp313-cp313-macosx_10_13_x86_64.whl", hash = "sha256:1cbacacb19e922a1d75ef2b6ccaefcd6e93a2c05ede32f06a21386a04cedb981", size = 1643986 },
    { url = "https://files.pythonhosted.org/packages/37/d5/602d0ef5dfcace3fb4f79c436762f130abd9ee8d950fa2abdbf8bbc555e0/black-24.10.0-cp313-cp313-macosx_11_0_arm64.whl", hash = "sha256:1f93102e0c5bb3907451063e08b9876dbeac810e7da5a8bfb7aeb5a9ef89066b", size = 1448085 },
    { url = "https://files.pythonhosted.org/packages/47/6d/a3a239e938960df1a662b93d6230d4f3e9b4a22982d060fc38c42f45a56b/black-24.10.0-cp313-cp313-manylinux_2_17_x86_64.manylinux2014_x86_64.manylinux_2_28_x86_64.whl", hash = "sha256:ddacb691cdcdf77b96f549cf9591701d8db36b2f19519373d60d31746068dbf2", size = 1760928 },
    { url = "https://files.pythonhosted.org/packages/dd/cf/af018e13b0eddfb434df4d9cd1b2b7892bab119f7a20123e93f6910982e8/black-24.10.0-cp313-cp313-win_amd64.whl", hash = "sha256:680359d932801c76d2e9c9068d05c6b107f2584b2a5b88831c83962eb9984c1b", size = 1436875 },
    { url = "https://files.pythonhosted.org/packages/8d/a7/4b27c50537ebca8bec139b872861f9d2bf501c5ec51fcf897cb924d9e264/black-24.10.0-py3-none-any.whl", hash = "sha256:3bb2b7a1f7b685f85b11fed1ef10f8a9148bceb49853e47a294a3dd963c1dd7d", size = 206898 },
]

[[package]]
name = "cfractions"
version = "2.4.0"
source = { registry = "https://pypi.org/simple" }
dependencies = [
    { name = "typing-extensions" },
]
sdist = { url = "https://files.pythonhosted.org/packages/f7/5c/27aa11bfef472467b79d0ee37f0b9a5c0f5d0864b1525bf13cdbf83838be/cfractions-2.4.0.tar.gz", hash = "sha256:b5373e487aa9a9ee718b336050dd9fd8790cb6821665c3d742b049accd6a6822", size = 20364 }
wheels = [
    { url = "https://files.pythonhosted.org/packages/36/6e/afb28b6ed36324f8079c2df15e801cd23b3875fb9bb67d32310496ef2a02/cfractions-2.4.0-cp310-cp310-macosx_10_9_universal2.whl", hash = "sha256:afb6e6094717c9e8d8665fa79c9dd23d09a96f926ee8b25412f3255cc1a7d6c0", size = 41476 },
    { url = "https://files.pythonhosted.org/packages/cb/3f/1cdcc4ad798020657bc937b505a63235377e9a3a163cdefb0bb1973ed50e/cfractions-2.4.0-cp310-cp310-macosx_10_9_x86_64.whl", hash = "sha256:d0766452a47688c2d57fedbe140ee7264eb02ef6f68f560258be6ceee3f3224e", size = 24367 },
    { url = "https://files.pythonhosted.org/packages/04/fc/9a6476384effada7487753736c6078946eeb0570cfdd0062716bcb8073dc/cfractions-2.4.0-cp310-cp310-macosx_11_0_arm64.whl", hash = "sha256:d055415c2dd372fb52022eb06f6680c1df8014747c8a8edb1eb21cd745046b33", size = 24611 },
    { url = "https://files.pythonhosted.org/packages/ee/7d/c493fa76af8276a7e8489ebcdda5da428dbcb13ec30f728540208cd55228/cfractions-2.4.0-cp310-cp310-manylinux_2_17_aarch64.manylinux2014_aarch64.whl", hash = "sha256:b9fef8766eeb1327c8651b14fff5f00c0f754dc07f62c332ea629873970f1592", size = 106792 },
    { url = "https://files.pythonhosted.org/packages/d0/9e/6ca12541e22f1268b188f7fc9742e52326aa6497b8050e3928e2acee5bdf/cfractions-2.4.0-cp310-cp310-manylinux_2_17_ppc64le.manylinux2014_ppc64le.whl", hash = "sha256:8c8125075a8cb0b848e9b67c9f7e243fbd10614127599d209faf0322e3122292", size = 113747 },
    { url = "https://files.pythonhosted.org/packages/75/d9/06736e9e1d426092fda4a622a8d5712ac8763d35602dfbd73c2bd50542e0/cfractions-2.4.0-cp310-cp310-manylinux_2_17_s390x.manylinux2014_s390x.whl", hash = "sha256:39980f51abc103058c04122952dcdbfdb0e8482547d93cc3411cce82696aa8b0", size = 111604 },
    { url = "https://files.pythonhosted.org/packages/c6/20/9034487923de6083f043d956f86b87b683900febd93fe39259921d856c09/cfractions-2.4.0-cp310-cp310-manylinux_2_5_i686.manylinux1_i686.manylinux_2_17_i686.manylinux2014_i686.whl", hash = "sha256:b05577ce020dea00ff1d2f32cb591ab90d60e9bc2567cb9116e67eed7f6546bd", size = 105284 },
    { url = "https://files.pythonhosted.org/packages/1b/62/7860ec29f08f4cc9bbb7814b998b0823b3064ddcced4f5dcb7ef063c8d8c/cfractions-2.4.0-cp310-cp310-manylinux_2_5_x86_64.manylinux1_x86_64.manylinux_2_17_x86_64.manylinux2014_x86_64.whl", hash = "sha256:27282e0fb9c7d9ff59e6fb4b5f471eb32d29258801f2382c1e00d6a0bd1479ec", size = 108953 },
    { url = "https://files.pythonhosted.org/packages/9c/c5/64f0314d9fcc7fea16f8b5686bd7a3d3061a4dd91dc7b5131dd42bd08c22/cfractions-2.4.0-cp310-cp310-musllinux_1_2_aarch64.whl", hash = "sha256:a0fdc21e16e8167833b318a0362ee4e6884e6d0740dec3d5b9510420fa9ce722", size = 102611 },
    { url = "https://files.pythonhosted.org/packages/93/35/45f6dc8890079a91da33dc084255ddf8e8c04e56fd39845b3bcba525174c/cfractions-2.4.0-cp310-cp310-musllinux_1_2_x86_64.whl", hash = "sha256:78d1c6e3b2583154cbddf73f62163200579019a0fa08e2302a0e21083bb5b132", size = 106014 },
    { url = "https://files.pythonhosted.org/packages/ca/55/e899de2f32bb72f84cf5148be269eaec05fef4e2e9b545bd27c13d155ceb/cfractions-2.4.0-cp310-cp310-win32.whl", hash = "sha256:b8aacea64143b674e1067eb6fbd33149d8d4c9cc14d7c86787cd5ed5916fb7b0", size = 23126 },
    { url = "https://files.pythonhosted.org/packages/3f/cd/f1933d0e2cc28778cc793709ea8e0cc1e77541fd607f9c45a7e6bdeeae53/cfractions-2.4.0-cp310-cp310-win_amd64.whl", hash = "sha256:3e43acaaf5a6eaf77dbc3b25630fd0e39127cad34ff37e9037100df63d57d8fd", size = 25775 },
    { url = "https://files.pythonhosted.org/packages/e4/1b/eb8eddb48710d2dc83b9fa709e1b05255a217aceff0873d09ada6e155861/cfractions-2.4.0-cp311-cp311-macosx_10_9_universal2.whl", hash = "sha256:7446c6a00331808cce0da3afa0b8b268d51f7d5d8300dd3f7d6d1e7e0071c44c", size = 42253 },
    { url = "https://files.pythonhosted.org/packages/92/af/937494fc1cf6fb8d8eeea48b9e9dce811ee4e9a86c0367e1e7e53ca8a326/cfractions-2.4.0-cp311-cp311-macosx_10_9_x86_64.whl", hash = "sha256:d85e24ca692096316eeffb39d79c1ecabe0d6e5507d1d72cbb09ca089fab99f1", size = 24909 },
    { url = "https://files.pythonhosted.org/packages/c7/56/db85624e24c9ab636eb74d4ee2537dd4025930af9429c07bd085bf7d52d7/cfractions-2.4.0-cp311-cp311-macosx_11_0_arm64.whl", hash = "sha256:10b8e0988558543d906e9832a9819902fb2f821907d3be4ca1da84044a6c6e09", size = 24833 },
    { url = "https://files.pythonhosted.org/packages/b2/83/569b0bfbd9557a9d216743e4e2d91e4a1c386c05f6fe6ba4ee3c16829ced/cfractions-2.4.0-cp311-cp311-manylinux_2_17_aarch64.manylinux2014_aarch64.whl", hash = "sha256:6f710ac1fabeecf1d5607144f825c821ba536dd0dba06be0cf0ccf07e794e7d6", size = 113914 },
    { url = "https://files.pythonhosted.org/packages/6c/64/01d2430ee1d95c0b899e1dc7d33ecb2631b3fc85cd20345c72122574a3bb/cfractions-2.4.0-cp311-cp311-manylinux_2_17_ppc64le.manylinux2014_ppc64le.whl", hash = "sha256:1097340703c04529765e19103de7440a213a08b8e9c663feb80f52e9fc847009", size = 121692 },
    { url = "https://files.pythonhosted.org/packages/b7/9a/216fa3d76fe7636bf8f29ae7d72813375b4a45ba98304fc0cb6cbe94cdb3/cfractions-2.4.0-cp311-cp311-manylinux_2_17_s390x.manylinux2014_s390x.whl", hash = "sha256:06e23abc30bae95f87a99f0e801eb97c25265686ac104840cc4974e513ab1d4e", size = 117624 },
    { url = "https://files.pythonhosted.org/packages/db/4c/3ccc0f567240b34c06260cd9376371b9b1740418d545c8af83153e5c7f02/cfractions-2.4.0-cp311-cp311-manylinux_2_5_i686.manylinux1_i686.manylinux_2_17_i686.manylinux2014_i686.whl", hash = "sha256:9220de2dd9f7ac40e84e44b36be9cc385d3980d21cf4f80f8d3cc7d4cc2525e4", size = 111914 },
    { url = "https://files.pythonhosted.org/packages/cd/75/dcb02f75133c744f9968323825edcb98b55a20be020952915878f02f29cc/cfractions-2.4.0-cp311-cp311-manylinux_2_5_x86_64.manylinux1_x86_64.manylinux_2_17_x86_64.manylinux2014_x86_64.whl", hash = "sha256:52dd973c28d33f796f7c41bd6862b44480a2b8d1a8921a6d37e061e2f7db42ce", size = 115320 },
    { url = "https://files.pythonhosted.org/packages/8b/88/c71b0360eff5d2ba190622ec5eed8e3ff5bd84974dbe19c3f802b24d3672/cfractions-2.4.0-cp311-cp311-musllinux_1_2_aarch64.whl", hash = "sha256:8740800673f0f11a3f082b4df3d7fedf86a352c7f6f55cadc9e7c831ce3c4883", size = 108353 },
    { url = "https://files.pythonhosted.org/packages/04/57/d06544fde34a31f73eb9eea97db2bd15affc11979eb6137e5a9006d0d7ab/cfractions-2.4.0-cp311-cp311-musllinux_1_2_x86_64.whl", hash = "sha256:218398c74bb2babbe8cad4489425dbf801a59bce6d3d280f0d8c37413936b0c8", size = 112011 },
    { url = "https://files.pythonhosted.org/packages/a9/b0/3d462127c027f0fe6124a112914caffccda073cc72cb0154a7241103e2b1/cfractions-2.4.0-cp311-cp311-win32.whl", hash = "sha256:90380c50f1f4b5370b3da810e7ae2abaefdd455f26e6ad64d9c0ad6f372cca0d", size = 23251 },
    { url = "https://files.pythonhosted.org/packages/02/1d/cf477a9f63a8c78325641b8db92cc69127f872f6a157cf90b15afb489492/cfractions-2.4.0-cp311-cp311-win_amd64.whl", hash = "sha256:bb95d5ca4040ccf24270d0c73e4134764730d1d7f81eb7640ee9a2e1e7f9af7b", size = 25915 },
    { url = "https://files.pythonhosted.org/packages/ac/2f/798746081640ca2e3a67c6ef98b17612b3d5eda34de274f4b88ca5ae8a3e/cfractions-2.4.0-cp312-cp312-macosx_10_13_universal2.whl", hash = "sha256:43783d80b26fb0960e24cdae594a109c101b975157a1284fa888f5f7236c6b9f", size = 42239 },
    { url = "https://files.pythonhosted.org/packages/2e/7c/799de235f7bd23fb66b121df7fcc6f6a92f9fa4c6f7fdb6653ac126ff07b/cfractions-2.4.0-cp312-cp312-macosx_10_13_x86_64.whl", hash = "sha256:ee03f40ebf33cbb18738fbc3169ac92115432c04218f4bc078c212e517b40399", size = 25149 },
    { url = "https://files.pythonhosted.org/packages/26/6b/5d153214ca4710a677c1a4df5bc873ef11f6190a41546555b3d6d377d6ad/cfractions-2.4.0-cp312-cp312-macosx_11_0_arm64.whl", hash = "sha256:b554078ea4cac861d6df39ff2efaa40a86e34cb76bcb14e2d6f4f1fc919ec265", size = 24631 },
    { url = "https://files.pythonhosted.org/packages/a8/f3/25239ef05c5f5dfa5f9563fddb2c5bcc0ed3401e8ac6fe961a8f2d78ba7e/cfractions-2.4.0-cp312-cp312-manylinux_2_17_aarch64.manylinux2014_aarch64.whl", hash = "sha256:1b50080d2a321de84a2381d3798f98bfe347e2ff81e422beca4b34420f0273a4", size = 121919 },
    { url = "https://files.pythonhosted.org/packages/2e/aa/4e88e37aabc749ce0309a0a06d1671ace041e54a3a313685fed9687865bc/cfractions-2.4.0-cp312-cp312-manylinux_2_17_ppc64le.manylinux2014_ppc64le.whl", hash = "sha256:4a94af685785f0bec7e3763e749140ec1166d3bb4454d18d84f47e6b8ffb610d", size = 129813 },
    { url = "https://files.pythonhosted.org/packages/84/fd/7a48ce23811e83a848c63b04b182120474953ced42487e58c52b1be90847/cfractions-2.4.0-cp312-cp312-manylinux_2_17_s390x.manylinux2014_s390x.whl", hash = "sha256:78df8adcc9d808cff62389235ad1a7f31cfd3b7b7e8be3e2ebf99dd4550a9e68", size = 126126 },
    { url = "https://files.pythonhosted.org/packages/00/6b/25c0e1aaa3a7f40ac29dae7ae441319cfe41be139bbaee1aeb2d2a7a6982/cfractions-2.4.0-cp312-cp312-manylinux_2_5_i686.manylinux1_i686.manylinux_2_17_i686.manylinux2014_i686.whl", hash = "sha256:8a1e47b77c1ba6cfb9421b6ee2598bc33f4d533ef00f67f4388400c91f63630b", size = 120610 },
    { url = "https://files.pythonhosted.org/packages/1b/e3/d3fbab0a45ee96c2e67d42125b4bf16d6fcdcd1504542126f85104671847/cfractions-2.4.0-cp312-cp312-manylinux_2_5_x86_64.manylinux1_x86_64.manylinux_2_17_x86_64.manylinux2014_x86_64.whl", hash = "sha256:a6305ecac011850399aac256d9008df6caa522a5c898043fed68464ae1b12664", size = 124974 },
    { url = "https://files.pythonhosted.org/packages/34/d6/696dc87b259385b30a5cf91bc6b5efd27d2913e608a56fbff12e0f8f3dfb/cfractions-2.4.0-cp312-cp312-musllinux_1_2_aarch64.whl", hash = "sha256:8ad5fdbbc3bdeca010ae228ea7c25bb31e6eab888c7ffc882f82deed31ac779f", size = 115783 },
    { url = "https://files.pythonhosted.org/packages/83/37/088c661c5fda64fe0dfa2d35b41e25e3f22dda93f4438587c325356f994a/cfractions-2.4.0-cp312-cp312-musllinux_1_2_x86_64.whl", hash = "sha256:34e121acf7008e664a3138bfb97165db4621afef9b616319c4d5eed61c46f612", size = 119491 },
    { url = "https://files.pythonhosted.org/packages/0c/19/29c0b2cca340baba5f37c6daa7b2b3650d51bbeea7d9032a4b027a4b28e5/cfractions-2.4.0-cp312-cp312-win32.whl", hash = "sha256:16d83865a61f87d4a47c2be43366a878ca081dace4f90fca899c4b77566c9e8d", size = 23676 },
    { url = "https://files.pythonhosted.org/packages/80/51/cae3ed5d1e90a4e24e056e07080e0abb9cbfdcfc28071e7690e0b6f1eedb/cfractions-2.4.0-cp312-cp312-win_amd64.whl", hash = "sha256:4ddf63bc7a4d6da5eee32c7ace9ddbb2edfc1cb76b409120b18d73f91753f710", size = 26061 },
    { url = "https://files.pythonhosted.org/packages/e3/ce/7095f4dde9a49ed11d96f7ae498fd4b6857eaa9199fda14de3c829abd14a/cfractions-2.4.0-cp313-cp313-macosx_10_13_universal2.whl", hash = "sha256:a56b61042e685596da8953fe68854d01047c3b884efbb9174e426df3ad251b26", size = 42238 },
    { url = "https://files.pythonhosted.org/packages/8d/58/469c6f5219468039f3c85336ddf19c91f2a7df35eef9f561e6a0e8053205/cfractions-2.4.0-cp313-cp313-macosx_10_13_x86_64.whl", hash = "sha256:f7ee8a0adbf410204e1bc1071cb7004b5d3d15604065b03a292833a35d37d23f", size = 25151 },
    { url = "https://files.pythonhosted.org/packages/82/6c/9abb77cb9d0e19b3ba616baaaa452ce966941463b63065107b8ff0720faa/cfractions-2.4.0-cp313-cp313-macosx_11_0_arm64.whl", hash = "sha256:c5ecc8a042c52fd43fe6e4deaec398decd60bd64994f91f0533eaca88ca0fbbe", size = 24634 },
    { url = "https://files.pythonhosted.org/packages/8c/9f/6bb80e6eebfd8a26bc85d6bd5b50c6004eae1f2c087e820ab55ead308585/cfractions-2.4.0-cp313-cp313-manylinux_2_17_aarch64.manylinux2014_aarch64.whl", hash = "sha256:0a9e2fa7b569e60527a5e969a57a040e494f7ef2e0a341ca2a815d556c0eb49e", size = 121861 },
    { url = "https://files.pythonhosted.org/packages/33/3a/69c085d5c02f8317bf000ddafa1de7143a7cfad1da1030459f73eb06f12b/cfractions-2.4.0-cp313-cp313-manylinux_2_17_ppc64le.manylinux2014_ppc64le.whl", hash = "sha256:8d07e287e93765aea1f279813a20bcee17e8922515f12fcafc5b7b25f1d30ea1", size = 129769 },
    { url = "https://files.pythonhosted.org/packages/bd/b1/3f2f90642ae1db5f8c78689b286cc8fce0d3a6a46b3321736ee959a5c712/cfractions-2.4.0-cp313-cp313-manylinux_2_17_s390x.manylinux2014_s390x.whl", hash = "sha256:dffc797c3092e422352dbcc9718f877b48c84c524d87f032711fed6e655ba997", size = 125952 },
    { url = "https://files.pythonhosted.org/packages/61/df/6c120e8dcb458cc35197067e39660696c9f5da27b4a51164a6be2dca622a/cfractions-2.4.0-cp313-cp313-manylinux_2_5_i686.manylinux1_i686.manylinux_2_17_i686.manylinux2014_i686.whl", hash = "sha256:6afaf8355f2edc1bbf0827cb3f3be4c7aeb406cf333d9c451289e26c0b9dca16", size = 120574 },
    { url = "https://files.pythonhosted.org/packages/a4/ba/d70a09263d92bd9bb782f37e3746933ee94a8735d5213bcd451be2a208f7/cfractions-2.4.0-cp313-cp313-manylinux_2_5_x86_64.manylinux1_x86_64.manylinux_2_17_x86_64.manylinux2014_x86_64.whl", hash = "sha256:2762fcbd1df1e07cf7d3aca1f24d62cd0466fcae534cee13ef38074f3fd03ed7", size = 124921 },
    { url = "https://files.pythonhosted.org/packages/f4/ce/c78fb506b14c666a7b6ad5e653f977a88e253a1abdc35a6175e3c0f54ab3/cfractions-2.4.0-cp313-cp313-musllinux_1_2_aarch64.whl", hash = "sha256:acd5652a5a722838097688a52d66efcf5d979c78637a92ac468251d994edb77a", size = 115778 },
    { url = "https://files.pythonhosted.org/packages/14/31/e27f0a70b4216a09e777590eb73eb8a1d7ecbd37dee1a9a8bdd56f960b1a/cfractions-2.4.0-cp313-cp313-musllinux_1_2_x86_64.whl", hash = "sha256:6580c2e143e84242c76724383d5dec11c9e9d5db2d6a5b452bab2d092021073f", size = 119504 },
    { url = "https://files.pythonhosted.org/packages/21/12/6fada4e11737cb46473383cba49f8492f98e48487215dac275dbefde28a2/cfractions-2.4.0-cp313-cp313-win32.whl", hash = "sha256:7c6c5c5697b23b55f7da382befe606e80e22162321bd963fd40467a940b3ccdf", size = 23667 },
    { url = "https://files.pythonhosted.org/packages/b6/f9/7d8cb60dec5695e9f54ef6255d9682a3aac13d4ef7cf7edfa6035950bd2f/cfractions-2.4.0-cp313-cp313-win_amd64.whl", hash = "sha256:0f690eea56f89b439dc004e9cd5d1d3e4bfe1f9b4453797b141729bf30ca673f", size = 26064 },
]

[[package]]
name = "click"
version = "8.1.8"
source = { registry = "https://pypi.org/simple" }
dependencies = [
    { name = "colorama", marker = "sys_platform == 'win32'" },
]
sdist = { url = "https://files.pythonhosted.org/packages/b9/2e/0090cbf739cee7d23781ad4b89a9894a41538e4fcf4c31dcdd705b78eb8b/click-8.1.8.tar.gz", hash = "sha256:ed53c9d8990d83c2a27deae68e4ee337473f6330c040a31d4225c9574d16096a", size = 226593 }
wheels = [
    { url = "https://files.pythonhosted.org/packages/7e/d4/7ebdbd03970677812aac39c869717059dbb71a4cfc033ca6e5221787892c/click-8.1.8-py3-none-any.whl", hash = "sha256:63c132bbbed01578a06712a2d1f497bb62d9c1c0d329b7903a866228027263b2", size = 98188 },
]

[[package]]
name = "colorama"
version = "0.4.6"
source = { registry = "https://pypi.org/simple" }
sdist = { url = "https://files.pythonhosted.org/packages/d8/53/6f443c9a4a8358a93a6792e2acffb9d9d5cb0a5cfd8802644b7b1c9a02e4/colorama-0.4.6.tar.gz", hash = "sha256:08695f5cb7ed6e0531a20572697297273c47b8cae5a63ffc6d6ed5c201be6e44", size = 27697 }
wheels = [
    { url = "https://files.pythonhosted.org/packages/d1/d6/3965ed04c63042e047cb6a3e6ed1a63a35087b6a609aa3a15ed8ac56c221/colorama-0.4.6-py2.py3-none-any.whl", hash = "sha256:4f1d9991f5acc0ca119f9d443620b77f9d6b33703e51011c16baf57afb285fc6", size = 25335 },
]

[[package]]
name = "dicedicebaby"
version = "0.1.0"
source = { virtual = "." }
dependencies = [
    { name = "cfractions" },
]

[package.optional-dependencies]
dev = [
    { name = "black" },
    { name = "pytest" },
    { name = "ruff" },
]

[package.dev-dependencies]
dev = [
    { name = "pyright" },
]

[package.metadata]
requires-dist = [
    { name = "black", marker = "extra == 'dev'", specifier = ">=24.0.0" },
    { name = "cfractions", specifier = ">=2.4.0" },
    { name = "pytest", marker = "extra == 'dev'", specifier = ">=7.0.0" },
    { name = "ruff", marker = "extra == 'dev'", specifier = ">=0.2.0" },
]

[package.metadata.requires-dev]
dev = [{ name = "pyright", specifier = ">=1.1.392.post0" }]

[[package]]
name = "exceptiongroup"
version = "1.2.2"
source = { registry = "https://pypi.org/simple" }
sdist = { url = "https://files.pythonhosted.org/packages/09/35/2495c4ac46b980e4ca1f6ad6db102322ef3ad2410b79fdde159a4b0f3b92/exceptiongroup-1.2.2.tar.gz", hash = "sha256:47c2edf7c6738fafb49fd34290706d1a1a2f4d1c6df275526b62cbb4aa5393cc", size = 28883 }
wheels = [
    { url = "https://files.pythonhosted.org/packages/02/cc/b7e31358aac6ed1ef2bb790a9746ac2c69bcb3c8588b41616914eb106eaf/exceptiongroup-1.2.2-py3-none-any.whl", hash = "sha256:3111b9d131c238bec2f8f516e123e14ba243563fb135d3fe885990585aa7795b", size = 16453 },
]

[[package]]
name = "iniconfig"
version = "2.0.0"
source = { registry = "https://pypi.org/simple" }
sdist = { url = "https://files.pythonhosted.org/packages/d7/4b/cbd8e699e64a6f16ca3a8220661b5f83792b3017d0f79807cb8708d33913/iniconfig-2.0.0.tar.gz", hash = "sha256:2d91e135bf72d31a410b17c16da610a82cb55f6b0477d1a902134b24a455b8b3", size = 4646 }
wheels = [
    { url = "https://files.pythonhosted.org/packages/ef/a6/62565a6e1cf69e10f5727360368e451d4b7f58beeac6173dc9db836a5b46/iniconfig-2.0.0-py3-none-any.whl", hash = "sha256:b6a85871a79d2e3b22d2d1b94ac2824226a63c6b741c88f7ae975f18b6778374", size = 5892 },
]

[[package]]
name = "mypy-extensions"
version = "1.0.0"
source = { registry = "https://pypi.org/simple" }
sdist = { url = "https://files.pythonhosted.org/packages/98/a4/1ab47638b92648243faf97a5aeb6ea83059cc3624972ab6b8d2316078d3f/mypy_extensions-1.0.0.tar.gz", hash = "sha256:75dbf8955dc00442a438fc4d0666508a9a97b6bd41aa2f0ffe9d2f2725af0782", size = 4433 }
wheels = [
    { url = "https://files.pythonhosted.org/packages/2a/e2/5d3f6ada4297caebe1a2add3b126fe800c96f56dbe5d1988a2cbe0b267aa/mypy_extensions-1.0.0-py3-none-any.whl", hash = "sha256:4392f6c0eb8a5668a69e23d168ffa70f0be9ccfd32b5cc2d26a34ae5b844552d", size = 4695 },
]

[[package]]
name = "nodeenv"
version = "1.9.1"
source = { registry = "https://pypi.org/simple" }
sdist = { url = "https://files.pythonhosted.org/packages/43/16/fc88b08840de0e0a72a2f9d8c6bae36be573e475a6326ae854bcc549fc45/nodeenv-1.9.1.tar.gz", hash = "sha256:6ec12890a2dab7946721edbfbcd91f3319c6ccc9aec47be7c7e6b7011ee6645f", size = 47437 }
wheels = [
    { url = "https://files.pythonhosted.org/packages/d2/1d/1b658dbd2b9fa9c4c9f32accbfc0205d532c8c6194dc0f2a4c0428e7128a/nodeenv-1.9.1-py2.py3-none-any.whl", hash = "sha256:ba11c9782d29c27c70ffbdda2d7415098754709be8a7056d79a737cd901155c9", size = 22314 },
]

[[package]]
name = "packaging"
version = "24.2"
source = { registry = "https://pypi.org/simple" }
sdist = { url = "https://files.pythonhosted.org/packages/d0/63/68dbb6eb2de9cb10ee4c9c14a0148804425e13c4fb20d61cce69f53106da/packaging-24.2.tar.gz", hash = "sha256:c228a6dc5e932d346bc5739379109d49e8853dd8223571c7c5b55260edc0b97f", size = 163950 }
wheels = [
    { url = "https://files.pythonhosted.org/packages/88/ef/eb23f262cca3c0c4eb7ab1933c3b1f03d021f2c48f54763065b6f0e321be/packaging-24.2-py3-none-any.whl", hash = "sha256:09abb1bccd265c01f4a3aa3f7a7db064b36514d2cba19a2f694fe6150451a759", size = 65451 },
]

[[package]]
name = "pathspec"
version = "0.12.1"
source = { registry = "https://pypi.org/simple" }
sdist = { url = "https://files.pythonhosted.org/packages/ca/bc/f35b8446f4531a7cb215605d100cd88b7ac6f44ab3fc94870c120ab3adbf/pathspec-0.12.1.tar.gz", hash = "sha256:a482d51503a1ab33b1c67a6c3813a26953dbdc71c31dacaef9a838c4e29f5712", size = 51043 }
wheels = [
    { url = "https://files.pythonhosted.org/packages/cc/20/ff623b09d963f88bfde16306a54e12ee5ea43e9b597108672ff3a408aad6/pathspec-0.12.1-py3-none-any.whl", hash = "sha256:a0d503e138a4c123b27490a4f7beda6a01c6f288df0e4a8b79c7eb0dc7b4cc08", size = 31191 },
]

[[package]]
name = "platformdirs"
version = "4.3.6"
source = { registry = "https://pypi.org/simple" }
sdist = { url = "https://files.pythonhosted.org/packages/13/fc/128cc9cb8f03208bdbf93d3aa862e16d376844a14f9a0ce5cf4507372de4/platformdirs-4.3.6.tar.gz", hash = "sha256:357fb2acbc885b0419afd3ce3ed34564c13c9b95c89360cd9563f73aa5e2b907", size = 21302 }
wheels = [
    { url = "https://files.pythonhosted.org/packages/3c/a6/bc1012356d8ece4d66dd75c4b9fc6c1f6650ddd5991e421177d9f8f671be/platformdirs-4.3.6-py3-none-any.whl", hash = "sha256:73e575e1408ab8103900836b97580d5307456908a03e92031bab39e4554cc3fb", size = 18439 },
]

[[package]]
name = "pluggy"
version = "1.5.0"
source = { registry = "https://pypi.org/simple" }
sdist = { url = "https://files.pythonhosted.org/packages/96/2d/02d4312c973c6050a18b314a5ad0b3210edb65a906f868e31c111dede4a6/pluggy-1.5.0.tar.gz", hash = "sha256:2cffa88e94fdc978c4c574f15f9e59b7f4201d439195c3715ca9e2486f1d0cf1", size = 67955 }
wheels = [
    { url = "https://files.pythonhosted.org/packages/88/5f/e351af9a41f866ac3f1fac4ca0613908d9a41741cfcf2228f4ad853b697d/pluggy-1.5.0-py3-none-any.whl", hash = "sha256:44e1ad92c8ca002de6377e165f3e0f1be63266ab4d554740532335b9d75ea669", size = 20556 },
]

[[package]]
name = "pyright"
version = "1.1.392.post0"
source = { registry = "https://pypi.org/simple" }
dependencies = [
    { name = "nodeenv" },
    { name = "typing-extensions" },
]
sdist = { url = "https://files.pythonhosted.org/packages/66/df/3c6f6b08fba7ccf49b114dfc4bb33e25c299883fd763f93fad47ef8bc58d/pyright-1.1.392.post0.tar.gz", hash = "sha256:3b7f88de74a28dcfa90c7d90c782b6569a48c2be5f9d4add38472bdaac247ebd", size = 3789911 }
wheels = [
    { url = "https://files.pythonhosted.org/packages/e7/b1/a18de17f40e4f61ca58856b9ef9b0febf74ff88978c3f7776f910071f567/pyright-1.1.392.post0-py3-none-any.whl", hash = "sha256:252f84458a46fa2f0fd4e2f91fc74f50b9ca52c757062e93f6c250c0d8329eb2", size = 5595487 },
]

[[package]]
name = "pytest"
version = "8.3.4"
source = { registry = "https://pypi.org/simple" }
dependencies = [
    { name = "colorama", marker = "sys_platform == 'win32'" },
    { name = "exceptiongroup", marker = "python_full_version < '3.11'" },
    { name = "iniconfig" },
    { name = "packaging" },
    { name = "pluggy" },
    { name = "tomli", marker = "python_full_version < '3.11'" },
]
sdist = { url = "https://files.pythonhosted.org/packages/05/35/30e0d83068951d90a01852cb1cef56e5d8a09d20c7f511634cc2f7e0372a/pytest-8.3.4.tar.gz", hash = "sha256:965370d062bce11e73868e0335abac31b4d3de0e82f4007408d242b4f8610761", size = 1445919 }
wheels = [
    { url = "https://files.pythonhosted.org/packages/11/92/76a1c94d3afee238333bc0a42b82935dd8f9cf8ce9e336ff87ee14d9e1cf/pytest-8.3.4-py3-none-any.whl", hash = "sha256:50e16d954148559c9a74109af1eaf0c945ba2d8f30f0a3d3335edde19788b6f6", size = 343083 },
]

[[package]]
name = "ruff"
version = "0.9.3"
source = { registry = "https://pypi.org/simple" }
sdist = { url = "https://files.pythonhosted.org/packages/1e/7f/60fda2eec81f23f8aa7cbbfdf6ec2ca11eb11c273827933fb2541c2ce9d8/ruff-0.9.3.tar.gz", hash = "sha256:8293f89985a090ebc3ed1064df31f3b4b56320cdfcec8b60d3295bddb955c22a", size = 3586740 }
wheels = [
    { url = "https://files.pythonhosted.org/packages/f9/77/4fb790596d5d52c87fd55b7160c557c400e90f6116a56d82d76e95d9374a/ruff-0.9.3-py3-none-linux_armv6l.whl", hash = "sha256:7f39b879064c7d9670197d91124a75d118d00b0990586549949aae80cdc16624", size = 11656815 },
    { url = "https://files.pythonhosted.org/packages/a2/a8/3338ecb97573eafe74505f28431df3842c1933c5f8eae615427c1de32858/ruff-0.9.3-py3-none-macosx_10_12_x86_64.whl", hash = "sha256:a187171e7c09efa4b4cc30ee5d0d55a8d6c5311b3e1b74ac5cb96cc89bafc43c", size = 11594821 },
    { url = "https://files.pythonhosted.org/packages/8e/89/320223c3421962762531a6b2dd58579b858ca9916fb2674874df5e97d628/ruff-0.9.3-py3-none-macosx_11_0_arm64.whl", hash = "sha256:c59ab92f8e92d6725b7ded9d4a31be3ef42688a115c6d3da9457a5bda140e2b4", size = 11040475 },
    { url = "https://files.pythonhosted.org/packages/b2/bd/1d775eac5e51409535804a3a888a9623e87a8f4b53e2491580858a083692/ruff-0.9.3-py3-none-manylinux_2_17_aarch64.manylinux2014_aarch64.whl", hash = "sha256:2dc153c25e715be41bb228bc651c1e9b1a88d5c6e5ed0194fa0dfea02b026439", size = 11856207 },
    { url = "https://files.pythonhosted.org/packages/7f/c6/3e14e09be29587393d188454064a4aa85174910d16644051a80444e4fd88/ruff-0.9.3-py3-none-manylinux_2_17_armv7l.manylinux2014_armv7l.whl", hash = "sha256:646909a1e25e0dc28fbc529eab8eb7bb583079628e8cbe738192853dbbe43af5", size = 11420460 },
    { url = "https://files.pythonhosted.org/packages/ef/42/b7ca38ffd568ae9b128a2fa76353e9a9a3c80ef19746408d4ce99217ecc1/ruff-0.9.3-py3-none-manylinux_2_17_i686.manylinux2014_i686.whl", hash = "sha256:5a5a46e09355695fbdbb30ed9889d6cf1c61b77b700a9fafc21b41f097bfbba4", size = 12605472 },
    { url = "https://files.pythonhosted.org/packages/a6/a1/3167023f23e3530fde899497ccfe239e4523854cb874458ac082992d206c/ruff-0.9.3-py3-none-manylinux_2_17_ppc64.manylinux2014_ppc64.whl", hash = "sha256:c4bb09d2bbb394e3730d0918c00276e79b2de70ec2a5231cd4ebb51a57df9ba1", size = 13243123 },
    { url = "https://files.pythonhosted.org/packages/d0/b4/3c600758e320f5bf7de16858502e849f4216cb0151f819fa0d1154874802/ruff-0.9.3-py3-none-manylinux_2_17_ppc64le.manylinux2014_ppc64le.whl", hash = "sha256:96a87ec31dc1044d8c2da2ebbed1c456d9b561e7d087734336518181b26b3aa5", size = 12744650 },
    { url = "https://files.pythonhosted.org/packages/be/38/266fbcbb3d0088862c9bafa8b1b99486691d2945a90b9a7316336a0d9a1b/ruff-0.9.3-py3-none-manylinux_2_17_s390x.manylinux2014_s390x.whl", hash = "sha256:9bb7554aca6f842645022fe2d301c264e6925baa708b392867b7a62645304df4", size = 14458585 },
    { url = "https://files.pythonhosted.org/packages/63/a6/47fd0e96990ee9b7a4abda62de26d291bd3f7647218d05b7d6d38af47c30/ruff-0.9.3-py3-none-manylinux_2_17_x86_64.manylinux2014_x86_64.whl", hash = "sha256:cabc332b7075a914ecea912cd1f3d4370489c8018f2c945a30bcc934e3bc06a6", size = 12419624 },
    { url = "https://files.pythonhosted.org/packages/84/5d/de0b7652e09f7dda49e1a3825a164a65f4998175b6486603c7601279baad/ruff-0.9.3-py3-none-musllinux_1_2_aarch64.whl", hash = "sha256:33866c3cc2a575cbd546f2cd02bdd466fed65118e4365ee538a3deffd6fcb730", size = 11843238 },
    { url = "https://files.pythonhosted.org/packages/9e/be/3f341ceb1c62b565ec1fb6fd2139cc40b60ae6eff4b6fb8f94b1bb37c7a9/ruff-0.9.3-py3-none-musllinux_1_2_armv7l.whl", hash = "sha256:006e5de2621304c8810bcd2ee101587712fa93b4f955ed0985907a36c427e0c2", size = 11484012 },
    { url = "https://files.pythonhosted.org/packages/a3/c8/ff8acbd33addc7e797e702cf00bfde352ab469723720c5607b964491d5cf/ruff-0.9.3-py3-none-musllinux_1_2_i686.whl", hash = "sha256:ba6eea4459dbd6b1be4e6bfc766079fb9b8dd2e5a35aff6baee4d9b1514ea519", size = 12038494 },
    { url = "https://files.pythonhosted.org/packages/73/b1/8d9a2c0efbbabe848b55f877bc10c5001a37ab10aca13c711431673414e5/ruff-0.9.3-py3-none-musllinux_1_2_x86_64.whl", hash = "sha256:90230a6b8055ad47d3325e9ee8f8a9ae7e273078a66401ac66df68943ced029b", size = 12473639 },
    { url = "https://files.pythonhosted.org/packages/cb/44/a673647105b1ba6da9824a928634fe23186ab19f9d526d7bdf278cd27bc3/ruff-0.9.3-py3-none-win32.whl", hash = "sha256:eabe5eb2c19a42f4808c03b82bd313fc84d4e395133fb3fc1b1516170a31213c", size = 9834353 },
    { url = "https://files.pythonhosted.org/packages/c3/01/65cadb59bf8d4fbe33d1a750103e6883d9ef302f60c28b73b773092fbde5/ruff-0.9.3-py3-none-win_amd64.whl", hash = "sha256:040ceb7f20791dfa0e78b4230ee9dce23da3b64dd5848e40e3bf3ab76468dcf4", size = 10821444 },
    { url = "https://files.pythonhosted.org/packages/69/cb/b3fe58a136a27d981911cba2f18e4b29f15010623b79f0f2510fd0d31fd3/ruff-0.9.3-py3-none-win_arm64.whl", hash = "sha256:800d773f6d4d33b0a3c60e2c6ae8f4c202ea2de056365acfa519aa48acf28e0b", size = 10038168 },
]

[[package]]
name = "tomli"
version = "2.2.1"
source = { registry = "https://pypi.org/simple" }
sdist = { url = "https://files.pythonhosted.org/packages/18/87/302344fed471e44a87289cf4967697d07e532f2421fdaf868a303cbae4ff/tomli-2.2.1.tar.gz", hash = "sha256:cd45e1dc79c835ce60f7404ec8119f2eb06d38b1deba146f07ced3bbc44505ff", size = 17175 }
wheels = [
    { url = "https://files.pythonhosted.org/packages/43/ca/75707e6efa2b37c77dadb324ae7d9571cb424e61ea73fad7c56c2d14527f/tomli-2.2.1-cp311-cp311-macosx_10_9_x86_64.whl", hash = "sha256:678e4fa69e4575eb77d103de3df8a895e1591b48e740211bd1067378c69e8249", size = 131077 },
    { url = "https://files.pythonhosted.org/packages/c7/16/51ae563a8615d472fdbffc43a3f3d46588c264ac4f024f63f01283becfbb/tomli-2.2.1-cp311-cp311-macosx_11_0_arm64.whl", hash = "sha256:023aa114dd824ade0100497eb2318602af309e5a55595f76b626d6d9f3b7b0a6", size = 123429 },
    { url = "https://files.pythonhosted.org/packages/f1/dd/4f6cd1e7b160041db83c694abc78e100473c15d54620083dbd5aae7b990e/tomli-2.2.1-cp311-cp311-manylinux_2_17_aarch64.manylinux2014_aarch64.whl", hash = "sha256:ece47d672db52ac607a3d9599a9d48dcb2f2f735c6c2d1f34130085bb12b112a", size = 226067 },
    { url = "https://files.pythonhosted.org/packages/a9/6b/c54ede5dc70d648cc6361eaf429304b02f2871a345bbdd51e993d6cdf550/tomli-2.2.1-cp311-cp311-manylinux_2_17_x86_64.manylinux2014_x86_64.whl", hash = "sha256:6972ca9c9cc9f0acaa56a8ca1ff51e7af152a9f87fb64623e31d5c83700080ee", size = 236030 },
    { url = "https://files.pythonhosted.org/packages/1f/47/999514fa49cfaf7a92c805a86c3c43f4215621855d151b61c602abb38091/tomli-2.2.1-cp311-cp311-manylinux_2_5_i686.manylinux1_i686.manylinux_2_17_i686.manylinux2014_i686.whl", hash = "sha256:c954d2250168d28797dd4e3ac5cf812a406cd5a92674ee4c8f123c889786aa8e", size = 240898 },
    { url = "https://files.pythonhosted.org/packages/73/41/0a01279a7ae09ee1573b423318e7934674ce06eb33f50936655071d81a24/tomli-2.2.1-cp311-cp311-musllinux_1_2_aarch64.whl", hash = "sha256:8dd28b3e155b80f4d54beb40a441d366adcfe740969820caf156c019fb5c7ec4", size = 229894 },
    { url = "https://files.pythonhosted.org/packages/55/18/5d8bc5b0a0362311ce4d18830a5d28943667599a60d20118074ea1b01bb7/tomli-2.2.1-cp311-cp311-musllinux_1_2_i686.whl", hash = "sha256:e59e304978767a54663af13c07b3d1af22ddee3bb2fb0618ca1593e4f593a106", size = 245319 },
    { url = "https://files.pythonhosted.org/packages/92/a3/7ade0576d17f3cdf5ff44d61390d4b3febb8a9fc2b480c75c47ea048c646/tomli-2.2.1-cp311-cp311-musllinux_1_2_x86_64.whl", hash = "sha256:33580bccab0338d00994d7f16f4c4ec25b776af3ffaac1ed74e0b3fc95e885a8", size = 238273 },
    { url = "https://files.pythonhosted.org/packages/72/6f/fa64ef058ac1446a1e51110c375339b3ec6be245af9d14c87c4a6412dd32/tomli-2.2.1-cp311-cp311-win32.whl", hash = "sha256:465af0e0875402f1d226519c9904f37254b3045fc5084697cefb9bdde1ff99ff", size = 98310 },
    { url = "https://files.pythonhosted.org/packages/6a/1c/4a2dcde4a51b81be3530565e92eda625d94dafb46dbeb15069df4caffc34/tomli-2.2.1-cp311-cp311-win_amd64.whl", hash = "sha256:2d0f2fdd22b02c6d81637a3c95f8cd77f995846af7414c5c4b8d0545afa1bc4b", size = 108309 },
    { url = "https://files.pythonhosted.org/packages/52/e1/f8af4c2fcde17500422858155aeb0d7e93477a0d59a98e56cbfe75070fd0/tomli-2.2.1-cp312-cp312-macosx_10_13_x86_64.whl", hash = "sha256:4a8f6e44de52d5e6c657c9fe83b562f5f4256d8ebbfe4ff922c495620a7f6cea", size = 132762 },
    { url = "https://files.pythonhosted.org/packages/03/b8/152c68bb84fc00396b83e7bbddd5ec0bd3dd409db4195e2a9b3e398ad2e3/tomli-2.2.1-cp312-cp312-macosx_11_0_arm64.whl", hash = "sha256:8d57ca8095a641b8237d5b079147646153d22552f1c637fd3ba7f4b0b29167a8", size = 123453 },
    { url = "https://files.pythonhosted.org/packages/c8/d6/fc9267af9166f79ac528ff7e8c55c8181ded34eb4b0e93daa767b8841573/tomli-2.2.1-cp312-cp312-manylinux_2_17_aarch64.manylinux2014_aarch64.whl", hash = "sha256:4e340144ad7ae1533cb897d406382b4b6fede8890a03738ff1683af800d54192", size = 233486 },
    { url = "https://files.pythonhosted.org/packages/5c/51/51c3f2884d7bab89af25f678447ea7d297b53b5a3b5730a7cb2ef6069f07/tomli-2.2.1-cp312-cp312-manylinux_2_17_x86_64.manylinux2014_x86_64.whl", hash = "sha256:db2b95f9de79181805df90bedc5a5ab4c165e6ec3fe99f970d0e302f384ad222", size = 242349 },
    { url = "https://files.pythonhosted.org/packages/ab/df/bfa89627d13a5cc22402e441e8a931ef2108403db390ff3345c05253935e/tomli-2.2.1-cp312-cp312-manylinux_2_5_i686.manylinux1_i686.manylinux_2_17_i686.manylinux2014_i686.whl", hash = "sha256:40741994320b232529c802f8bc86da4e1aa9f413db394617b9a256ae0f9a7f77", size = 252159 },
    { url = "https://files.pythonhosted.org/packages/9e/6e/fa2b916dced65763a5168c6ccb91066f7639bdc88b48adda990db10c8c0b/tomli-2.2.1-cp312-cp312-musllinux_1_2_aarch64.whl", hash = "sha256:400e720fe168c0f8521520190686ef8ef033fb19fc493da09779e592861b78c6", size = 237243 },
    { url = "https://files.pythonhosted.org/packages/b4/04/885d3b1f650e1153cbb93a6a9782c58a972b94ea4483ae4ac5cedd5e4a09/tomli-2.2.1-cp312-cp312-musllinux_1_2_i686.whl", hash = "sha256:02abe224de6ae62c19f090f68da4e27b10af2b93213d36cf44e6e1c5abd19fdd", size = 259645 },
    { url = "https://files.pythonhosted.org/packages/9c/de/6b432d66e986e501586da298e28ebeefd3edc2c780f3ad73d22566034239/tomli-2.2.1-cp312-cp312-musllinux_1_2_x86_64.whl", hash = "sha256:b82ebccc8c8a36f2094e969560a1b836758481f3dc360ce9a3277c65f374285e", size = 244584 },
    { url = "https://files.pythonhosted.org/packages/1c/9a/47c0449b98e6e7d1be6cbac02f93dd79003234ddc4aaab6ba07a9a7482e2/tomli-2.2.1-cp312-cp312-win32.whl", hash = "sha256:889f80ef92701b9dbb224e49ec87c645ce5df3fa2cc548664eb8a25e03127a98", size = 98875 },
    { url = "https://files.pythonhosted.org/packages/ef/60/9b9638f081c6f1261e2688bd487625cd1e660d0a85bd469e91d8db969734/tomli-2.2.1-cp312-cp312-win_amd64.whl", hash = "sha256:7fc04e92e1d624a4a63c76474610238576942d6b8950a2d7f908a340494e67e4", size = 109418 },
    { url = "https://files.pythonhosted.org/packages/04/90/2ee5f2e0362cb8a0b6499dc44f4d7d48f8fff06d28ba46e6f1eaa61a1388/tomli-2.2.1-cp313-cp313-macosx_10_13_x86_64.whl", hash = "sha256:f4039b9cbc3048b2416cc57ab3bda989a6fcf9b36cf8937f01a6e731b64f80d7", size = 132708 },
    { url = "https://files.pythonhosted.org/packages/c0/ec/46b4108816de6b385141f082ba99e315501ccd0a2ea23db4a100dd3990ea/tomli-2.2.1-cp313-cp313-macosx_11_0_arm64.whl", hash = "sha256:286f0ca2ffeeb5b9bd4fcc8d6c330534323ec51b2f52da063b11c502da16f30c", size = 123582 },
    { url = "https://files.pythonhosted.org/packages/a0/bd/b470466d0137b37b68d24556c38a0cc819e8febe392d5b199dcd7f578365/tomli-2.2.1-cp313-cp313-manylinux_2_17_aarch64.manylinux2014_aarch64.whl", hash = "sha256:a92ef1a44547e894e2a17d24e7557a5e85a9e1d0048b0b5e7541f76c5032cb13", size = 232543 },
    { url = "https://files.pythonhosted.org/packages/d9/e5/82e80ff3b751373f7cead2815bcbe2d51c895b3c990686741a8e56ec42ab/tomli-2.2.1-cp313-cp313-manylinux_2_17_x86_64.manylinux2014_x86_64.whl", hash = "sha256:9316dc65bed1684c9a98ee68759ceaed29d229e985297003e494aa825ebb0281", size = 241691 },
    { url = "https://files.pythonhosted.org/packages/05/7e/2a110bc2713557d6a1bfb06af23dd01e7dde52b6ee7dadc589868f9abfac/tomli-2.2.1-cp313-cp313-manylinux_2_5_i686.manylinux1_i686.manylinux_2_17_i686.manylinux2014_i686.whl", hash = "sha256:e85e99945e688e32d5a35c1ff38ed0b3f41f43fad8df0bdf79f72b2ba7bc5272", size = 251170 },
    { url = "https://files.pythonhosted.org/packages/64/7b/22d713946efe00e0adbcdfd6d1aa119ae03fd0b60ebed51ebb3fa9f5a2e5/tomli-2.2.1-cp313-cp313-musllinux_1_2_aarch64.whl", hash = "sha256:ac065718db92ca818f8d6141b5f66369833d4a80a9d74435a268c52bdfa73140", size = 236530 },
    { url = "https://files.pythonhosted.org/packages/38/31/3a76f67da4b0cf37b742ca76beaf819dca0ebef26d78fc794a576e08accf/tomli-2.2.1-cp313-cp313-musllinux_1_2_i686.whl", hash = "sha256:d920f33822747519673ee656a4b6ac33e382eca9d331c87770faa3eef562aeb2", size = 258666 },
    { url = "https://files.pythonhosted.org/packages/07/10/5af1293da642aded87e8a988753945d0cf7e00a9452d3911dd3bb354c9e2/tomli-2.2.1-cp313-cp313-musllinux_1_2_x86_64.whl", hash = "sha256:a198f10c4d1b1375d7687bc25294306e551bf1abfa4eace6650070a5c1ae2744", size = 243954 },
    { url = "https://files.pythonhosted.org/packages/5b/b9/1ed31d167be802da0fc95020d04cd27b7d7065cc6fbefdd2f9186f60d7bd/tomli-2.2.1-cp313-cp313-win32.whl", hash = "sha256:d3f5614314d758649ab2ab3a62d4f2004c825922f9e370b29416484086b264ec", size = 98724 },
    { url = "https://files.pythonhosted.org/packages/c7/32/b0963458706accd9afcfeb867c0f9175a741bf7b19cd424230714d722198/tomli-2.2.1-cp313-cp313-win_amd64.whl", hash = "sha256:a38aa0308e754b0e3c67e344754dff64999ff9b513e691d0e786265c93583c69", size = 109383 },
    { url = "https://files.pythonhosted.org/packages/6e/c2/61d3e0f47e2b74ef40a68b9e6ad5984f6241a942f7cd3bbfbdbd03861ea9/tomli-2.2.1-py3-none-any.whl", hash = "sha256:cb55c73c5f4408779d0cf3eef9f762b9c9f147a77de7b258bef0a5628adc85cc", size = 14257 },
]

[[package]]
name = "typing-extensions"
version = "4.12.2"
source = { registry = "https://pypi.org/simple" }
sdist = { url = "https://files.pythonhosted.org/packages/df/db/f35a00659bc03fec321ba8bce9420de607a1d37f8342eee1863174c69557/typing_extensions-4.12.2.tar.gz", hash = "sha256:1a7ead55c7e559dd4dee8856e3a88b41225abfe1ce8df57b7c13915fe121ffb8", size = 85321 }
wheels = [
    { url = "https://files.pythonhosted.org/packages/26/9f/ad63fc0248c5379346306f8668cda6e2e2e9c95e01216d2b8ffd9ff037d0/typing_extensions-4.12.2-py3-none-any.whl", hash = "sha256:04e5ca0351e0f3f85c6853954072df659d0d13fac324d0072316b67d7794700d", size = 37438 },
]
